// !$*UTF8*$!
{
	archiveVersion = 1;
	classes = {
	};
	objectVersion = 77;
	objects = {

/* Begin PBXBuildFile section */
		C6516E802CE85A9700FCFAF2 /* GDG_AppSprint_ChallengeApp.swift in Sources */ = {isa = PBXBuildFile; fileRef = C6516E7C2CE85A9700FCFAF2 /* GDG_AppSprint_ChallengeApp.swift */; };
		C6516E812CE85A9700FCFAF2 /* PrettyTimer.swift in Sources */ = {isa = PBXBuildFile; fileRef = C6516E7E2CE85A9700FCFAF2 /* PrettyTimer.swift */; };
		C6516E822CE85A9700FCFAF2 /* WantedSans-Bold.otf in Resources */ = {isa = PBXBuildFile; fileRef = C6516E732CE85A9700FCFAF2 /* WantedSans-Bold.otf */; };
		C6516E832CE85A9700FCFAF2 /* WantedSans-Medium.otf in Resources */ = {isa = PBXBuildFile; fileRef = C6516E742CE85A9700FCFAF2 /* WantedSans-Medium.otf */; };
		C6516E842CE85A9700FCFAF2 /* WantedSans-Regular.otf in Resources */ = {isa = PBXBuildFile; fileRef = C6516E752CE85A9700FCFAF2 /* WantedSans-Regular.otf */; };
		C6516E852CE85A9700FCFAF2 /* WantedSans-SemiBold.otf in Resources */ = {isa = PBXBuildFile; fileRef = C6516E762CE85A9700FCFAF2 /* WantedSans-SemiBold.otf */; };
		C6516E862CE85A9700FCFAF2 /* Preview Assets.xcassets in Resources */ = {isa = PBXBuildFile; fileRef = C6516E782CE85A9700FCFAF2 /* Preview Assets.xcassets */; };
		C6516E872CE85A9700FCFAF2 /* Assets.xcassets in Resources */ = {isa = PBXBuildFile; fileRef = C6516E7B2CE85A9700FCFAF2 /* Assets.xcassets */; };
		C6516E8B2CE85AD600FCFAF2 /* Font+Extension.swift in Sources */ = {isa = PBXBuildFile; fileRef = C6516E8A2CE85AD100FCFAF2 /* Font+Extension.swift */; };
		C6516E8D2CE85BAC00FCFAF2 /* CapsuleView.swift in Sources */ = {isa = PBXBuildFile; fileRef = C6516E8C2CE85BA600FCFAF2 /* CapsuleView.swift */; };
/* End PBXBuildFile section */

/* Begin PBXFileReference section */
		C6516E552CE8580F00FCFAF2 /* GDG-AppSprint-Challenge.app */ = {isa = PBXFileReference; explicitFileType = wrapper.application; includeInIndex = 0; path = "GDG-AppSprint-Challenge.app"; sourceTree = BUILT_PRODUCTS_DIR; };
		C6516E732CE85A9700FCFAF2 /* WantedSans-Bold.otf */ = {isa = PBXFileReference; lastKnownFileType = file; path = "WantedSans-Bold.otf"; sourceTree = "<group>"; };
		C6516E742CE85A9700FCFAF2 /* WantedSans-Medium.otf */ = {isa = PBXFileReference; lastKnownFileType = file; path = "WantedSans-Medium.otf"; sourceTree = "<group>"; };
		C6516E752CE85A9700FCFAF2 /* WantedSans-Regular.otf */ = {isa = PBXFileReference; lastKnownFileType = file; path = "WantedSans-Regular.otf"; sourceTree = "<group>"; };
		C6516E762CE85A9700FCFAF2 /* WantedSans-SemiBold.otf */ = {isa = PBXFileReference; lastKnownFileType = file; path = "WantedSans-SemiBold.otf"; sourceTree = "<group>"; };
		C6516E782CE85A9700FCFAF2 /* Preview Assets.xcassets */ = {isa = PBXFileReference; lastKnownFileType = folder.assetcatalog; path = "Preview Assets.xcassets"; sourceTree = "<group>"; };
		C6516E7B2CE85A9700FCFAF2 /* Assets.xcassets */ = {isa = PBXFileReference; lastKnownFileType = folder.assetcatalog; path = Assets.xcassets; sourceTree = "<group>"; };
		C6516E7C2CE85A9700FCFAF2 /* GDG_AppSprint_ChallengeApp.swift */ = {isa = PBXFileReference; lastKnownFileType = sourcecode.swift; path = GDG_AppSprint_ChallengeApp.swift; sourceTree = "<group>"; };
		C6516E7D2CE85A9700FCFAF2 /* Info.plist */ = {isa = PBXFileReference; lastKnownFileType = text.plist.xml; path = Info.plist; sourceTree = "<group>"; };
		C6516E7E2CE85A9700FCFAF2 /* PrettyTimer.swift */ = {isa = PBXFileReference; lastKnownFileType = sourcecode.swift; path = PrettyTimer.swift; sourceTree = "<group>"; };
		C6516E8A2CE85AD100FCFAF2 /* Font+Extension.swift */ = {isa = PBXFileReference; lastKnownFileType = sourcecode.swift; path = "Font+Extension.swift"; sourceTree = "<group>"; };
		C6516E8C2CE85BA600FCFAF2 /* CapsuleView.swift */ = {isa = PBXFileReference; lastKnownFileType = sourcecode.swift; path = CapsuleView.swift; sourceTree = "<group>"; };
/* End PBXFileReference section */

/* Begin PBXFrameworksBuildPhase section */
		C6516E522CE8580F00FCFAF2 /* Frameworks */ = {
			isa = PBXFrameworksBuildPhase;
			buildActionMask = 2147483647;
			files = (
			);
			runOnlyForDeploymentPostprocessing = 0;
		};
/* End PBXFrameworksBuildPhase section */

/* Begin PBXGroup section */
		C6516E4C2CE8580F00FCFAF2 = {
			isa = PBXGroup;
			children = (
				C6516E7F2CE85A9700FCFAF2 /* GDG-AppSprint-Challenge */,
				C6516E562CE8580F00FCFAF2 /* Products */,
			);
			sourceTree = "<group>";
		};
		C6516E562CE8580F00FCFAF2 /* Products */ = {
			isa = PBXGroup;
			children = (
				C6516E552CE8580F00FCFAF2 /* GDG-AppSprint-Challenge.app */,
			);
			name = Products;
			sourceTree = "<group>";
		};
		C6516E772CE85A9700FCFAF2 /* Fonts */ = {
			isa = PBXGroup;
			children = (
				C6516E732CE85A9700FCFAF2 /* WantedSans-Bold.otf */,
				C6516E742CE85A9700FCFAF2 /* WantedSans-Medium.otf */,
				C6516E752CE85A9700FCFAF2 /* WantedSans-Regular.otf */,
				C6516E762CE85A9700FCFAF2 /* WantedSans-SemiBold.otf */,
			);
			path = Fonts;
			sourceTree = "<group>";
		};
		C6516E792CE85A9700FCFAF2 /* Preview Content */ = {
			isa = PBXGroup;
			children = (
				C6516E782CE85A9700FCFAF2 /* Preview Assets.xcassets */,
			);
			path = "Preview Content";
			sourceTree = "<group>";
		};
		C6516E7A2CE85A9700FCFAF2 /* Util */ = {
			isa = PBXGroup;
			children = (
				C6516E8A2CE85AD100FCFAF2 /* Font+Extension.swift */,
			);
			path = Util;
			sourceTree = "<group>";
		};
		C6516E7F2CE85A9700FCFAF2 /* GDG-AppSprint-Challenge */ = {
			isa = PBXGroup;
			children = (
				C6516E7A2CE85A9700FCFAF2 /* Util */,
				C6516E7C2CE85A9700FCFAF2 /* GDG_AppSprint_ChallengeApp.swift */,
				C6516E7E2CE85A9700FCFAF2 /* PrettyTimer.swift */,
				C6516E8C2CE85BA600FCFAF2 /* CapsuleView.swift */,
				C6516E892CE85AAF00FCFAF2 /* Resource */,
				C6516E792CE85A9700FCFAF2 /* Preview Content */,
				C6516E7D2CE85A9700FCFAF2 /* Info.plist */,
			);
			path = "GDG-AppSprint-Challenge";
			sourceTree = "<group>";
		};
		C6516E892CE85AAF00FCFAF2 /* Resource */ = {
			isa = PBXGroup;
			children = (
				C6516E772CE85A9700FCFAF2 /* Fonts */,
				C6516E7B2CE85A9700FCFAF2 /* Assets.xcassets */,
			);
			path = Resource;
			sourceTree = "<group>";
		};
/* End PBXGroup section */

/* Begin PBXNativeTarget section */
		C6516E542CE8580F00FCFAF2 /* GDG-AppSprint-Challenge */ = {
			isa = PBXNativeTarget;
			buildConfigurationList = C6516E632CE8581200FCFAF2 /* Build configuration list for PBXNativeTarget "GDG-AppSprint-Challenge" */;
			buildPhases = (
				C6516E512CE8580F00FCFAF2 /* Sources */,
				C6516E522CE8580F00FCFAF2 /* Frameworks */,
				C6516E532CE8580F00FCFAF2 /* Resources */,
			);
			buildRules = (
			);
			dependencies = (
			);
			name = "GDG-AppSprint-Challenge";
			packageProductDependencies = (
			);
			productName = "GDG-AppSprint-Challenge";
			productReference = C6516E552CE8580F00FCFAF2 /* GDG-AppSprint-Challenge.app */;
			productType = "com.apple.product-type.application";
		};
/* End PBXNativeTarget section */

/* Begin PBXProject section */
		C6516E4D2CE8580F00FCFAF2 /* Project object */ = {
			isa = PBXProject;
			attributes = {
				BuildIndependentTargetsInParallel = 1;
				LastSwiftUpdateCheck = 1610;
				LastUpgradeCheck = 1610;
				TargetAttributes = {
					C6516E542CE8580F00FCFAF2 = {
						CreatedOnToolsVersion = 16.1;
					};
				};
			};
			buildConfigurationList = C6516E502CE8580F00FCFAF2 /* Build configuration list for PBXProject "GDG-AppSprint-Challenge" */;
			developmentRegion = en;
			hasScannedForEncodings = 0;
			knownRegions = (
				en,
				Base,
			);
			mainGroup = C6516E4C2CE8580F00FCFAF2;
			minimizedProjectReferenceProxies = 1;
			preferredProjectObjectVersion = 77;
			productRefGroup = C6516E562CE8580F00FCFAF2 /* Products */;
			projectDirPath = "";
			projectRoot = "";
			targets = (
				C6516E542CE8580F00FCFAF2 /* GDG-AppSprint-Challenge */,
			);
		};
/* End PBXProject section */

/* Begin PBXResourcesBuildPhase section */
		C6516E532CE8580F00FCFAF2 /* Resources */ = {
			isa = PBXResourcesBuildPhase;
			buildActionMask = 2147483647;
			files = (
				C6516E822CE85A9700FCFAF2 /* WantedSans-Bold.otf in Resources */,
				C6516E832CE85A9700FCFAF2 /* WantedSans-Medium.otf in Resources */,
				C6516E842CE85A9700FCFAF2 /* WantedSans-Regular.otf in Resources */,
				C6516E852CE85A9700FCFAF2 /* WantedSans-SemiBold.otf in Resources */,
				C6516E862CE85A9700FCFAF2 /* Preview Assets.xcassets in Resources */,
				C6516E872CE85A9700FCFAF2 /* Assets.xcassets in Resources */,
			);
			runOnlyForDeploymentPostprocessing = 0;
		};
/* End PBXResourcesBuildPhase section */

/* Begin PBXSourcesBuildPhase section */
		C6516E512CE8580F00FCFAF2 /* Sources */ = {
			isa = PBXSourcesBuildPhase;
			buildActionMask = 2147483647;
			files = (
				C6516E8D2CE85BAC00FCFAF2 /* CapsuleView.swift in Sources */,
				C6516E802CE85A9700FCFAF2 /* GDG_AppSprint_ChallengeApp.swift in Sources */,
				C6516E812CE85A9700FCFAF2 /* PrettyTimer.swift in Sources */,
				C6516E8B2CE85AD600FCFAF2 /* Font+Extension.swift in Sources */,
			);
			runOnlyForDeploymentPostprocessing = 0;
		};
/* End PBXSourcesBuildPhase section */

/* Begin XCBuildConfiguration section */
		C6516E612CE8581200FCFAF2 /* Debug */ = {
			isa = XCBuildConfiguration;
			buildSettings = {
				ALWAYS_SEARCH_USER_PATHS = NO;
				ASSETCATALOG_COMPILER_GENERATE_SWIFT_ASSET_SYMBOL_EXTENSIONS = YES;
				CLANG_ANALYZER_NONNULL = YES;
				CLANG_ANALYZER_NUMBER_OBJECT_CONVERSION = YES_AGGRESSIVE;
				CLANG_CXX_LANGUAGE_STANDARD = "gnu++20";
				CLANG_ENABLE_MODULES = YES;
				CLANG_ENABLE_OBJC_ARC = YES;
				CLANG_ENABLE_OBJC_WEAK = YES;
				CLANG_WARN_BLOCK_CAPTURE_AUTORELEASING = YES;
				CLANG_WARN_BOOL_CONVERSION = YES;
				CLANG_WARN_COMMA = YES;
				CLANG_WARN_CONSTANT_CONVERSION = YES;
				CLANG_WARN_DEPRECATED_OBJC_IMPLEMENTATIONS = YES;
				CLANG_WARN_DIRECT_OBJC_ISA_USAGE = YES_ERROR;
				CLANG_WARN_DOCUMENTATION_COMMENTS = YES;
				CLANG_WARN_EMPTY_BODY = YES;
				CLANG_WARN_ENUM_CONVERSION = YES;
				CLANG_WARN_INFINITE_RECURSION = YES;
				CLANG_WARN_INT_CONVERSION = YES;
				CLANG_WARN_NON_LITERAL_NULL_CONVERSION = YES;
				CLANG_WARN_OBJC_IMPLICIT_RETAIN_SELF = YES;
				CLANG_WARN_OBJC_LITERAL_CONVERSION = YES;
				CLANG_WARN_OBJC_ROOT_CLASS = YES_ERROR;
				CLANG_WARN_QUOTED_INCLUDE_IN_FRAMEWORK_HEADER = YES;
				CLANG_WARN_RANGE_LOOP_ANALYSIS = YES;
				CLANG_WARN_STRICT_PROTOTYPES = YES;
				CLANG_WARN_SUSPICIOUS_MOVE = YES;
				CLANG_WARN_UNGUARDED_AVAILABILITY = YES_AGGRESSIVE;
				CLANG_WARN_UNREACHABLE_CODE = YES;
				CLANG_WARN__DUPLICATE_METHOD_MATCH = YES;
				COPY_PHASE_STRIP = NO;
				DEBUG_INFORMATION_FORMAT = dwarf;
				ENABLE_STRICT_OBJC_MSGSEND = YES;
				ENABLE_TESTABILITY = YES;
				ENABLE_USER_SCRIPT_SANDBOXING = YES;
				GCC_C_LANGUAGE_STANDARD = gnu17;
				GCC_DYNAMIC_NO_PIC = NO;
				GCC_NO_COMMON_BLOCKS = YES;
				GCC_OPTIMIZATION_LEVEL = 0;
				GCC_PREPROCESSOR_DEFINITIONS = (
					"DEBUG=1",
					"$(inherited)",
				);
				GCC_WARN_64_TO_32_BIT_CONVERSION = YES;
				GCC_WARN_ABOUT_RETURN_TYPE = YES_ERROR;
				GCC_WARN_UNDECLARED_SELECTOR = YES;
				GCC_WARN_UNINITIALIZED_AUTOS = YES_AGGRESSIVE;
				GCC_WARN_UNUSED_FUNCTION = YES;
				GCC_WARN_UNUSED_VARIABLE = YES;
				IPHONEOS_DEPLOYMENT_TARGET = 18.1;
				LOCALIZATION_PREFERS_STRING_CATALOGS = YES;
				MTL_ENABLE_DEBUG_INFO = INCLUDE_SOURCE;
				MTL_FAST_MATH = YES;
				ONLY_ACTIVE_ARCH = YES;
				SDKROOT = iphoneos;
				SWIFT_ACTIVE_COMPILATION_CONDITIONS = "DEBUG $(inherited)";
				SWIFT_OPTIMIZATION_LEVEL = "-Onone";
			};
			name = Debug;
		};
		C6516E622CE8581200FCFAF2 /* Release */ = {
			isa = XCBuildConfiguration;
			buildSettings = {
				ALWAYS_SEARCH_USER_PATHS = NO;
				ASSETCATALOG_COMPILER_GENERATE_SWIFT_ASSET_SYMBOL_EXTENSIONS = YES;
				CLANG_ANALYZER_NONNULL = YES;
				CLANG_ANALYZER_NUMBER_OBJECT_CONVERSION = YES_AGGRESSIVE;
				CLANG_CXX_LANGUAGE_STANDARD = "gnu++20";
				CLANG_ENABLE_MODULES = YES;
				CLANG_ENABLE_OBJC_ARC = YES;
				CLANG_ENABLE_OBJC_WEAK = YES;
				CLANG_WARN_BLOCK_CAPTURE_AUTORELEASING = YES;
				CLANG_WARN_BOOL_CONVERSION = YES;
				CLANG_WARN_COMMA = YES;
				CLANG_WARN_CONSTANT_CONVERSION = YES;
				CLANG_WARN_DEPRECATED_OBJC_IMPLEMENTATIONS = YES;
				CLANG_WARN_DIRECT_OBJC_ISA_USAGE = YES_ERROR;
				CLANG_WARN_DOCUMENTATION_COMMENTS = YES;
				CLANG_WARN_EMPTY_BODY = YES;
				CLANG_WARN_ENUM_CONVERSION = YES;
				CLANG_WARN_INFINITE_RECURSION = YES;
				CLANG_WARN_INT_CONVERSION = YES;
				CLANG_WARN_NON_LITERAL_NULL_CONVERSION = YES;
				CLANG_WARN_OBJC_IMPLICIT_RETAIN_SELF = YES;
				CLANG_WARN_OBJC_LITERAL_CONVERSION = YES;
				CLANG_WARN_OBJC_ROOT_CLASS = YES_ERROR;
				CLANG_WARN_QUOTED_INCLUDE_IN_FRAMEWORK_HEADER = YES;
				CLANG_WARN_RANGE_LOOP_ANALYSIS = YES;
				CLANG_WARN_STRICT_PROTOTYPES = YES;
				CLANG_WARN_SUSPICIOUS_MOVE = YES;
				CLANG_WARN_UNGUARDED_AVAILABILITY = YES_AGGRESSIVE;
				CLANG_WARN_UNREACHABLE_CODE = YES;
				CLANG_WARN__DUPLICATE_METHOD_MATCH = YES;
				COPY_PHASE_STRIP = NO;
				DEBUG_INFORMATION_FORMAT = "dwarf-with-dsym";
				ENABLE_NS_ASSERTIONS = NO;
				ENABLE_STRICT_OBJC_MSGSEND = YES;
				ENABLE_USER_SCRIPT_SANDBOXING = YES;
				GCC_C_LANGUAGE_STANDARD = gnu17;
				GCC_NO_COMMON_BLOCKS = YES;
				GCC_WARN_64_TO_32_BIT_CONVERSION = YES;
				GCC_WARN_ABOUT_RETURN_TYPE = YES_ERROR;
				GCC_WARN_UNDECLARED_SELECTOR = YES;
				GCC_WARN_UNINITIALIZED_AUTOS = YES_AGGRESSIVE;
				GCC_WARN_UNUSED_FUNCTION = YES;
				GCC_WARN_UNUSED_VARIABLE = YES;
				IPHONEOS_DEPLOYMENT_TARGET = 18.1;
				LOCALIZATION_PREFERS_STRING_CATALOGS = YES;
				MTL_ENABLE_DEBUG_INFO = NO;
				MTL_FAST_MATH = YES;
				SDKROOT = iphoneos;
				SWIFT_COMPILATION_MODE = wholemodule;
				VALIDATE_PRODUCT = YES;
			};
			name = Release;
		};
		C6516E642CE8581200FCFAF2 /* Debug */ = {
			isa = XCBuildConfiguration;
			buildSettings = {
				ASSETCATALOG_COMPILER_APPICON_NAME = AppIcon;
				ASSETCATALOG_COMPILER_GLOBAL_ACCENT_COLOR_NAME = AccentColor;
				CODE_SIGN_STYLE = Automatic;
				CURRENT_PROJECT_VERSION = 1;
				DEVELOPMENT_ASSET_PATHS = "\"GDG-AppSprint-Challenge/Preview Content\"";
				DEVELOPMENT_TEAM = 6JLYLDSW4U;
				ENABLE_PREVIEWS = YES;
				GENERATE_INFOPLIST_FILE = YES;
				INFOPLIST_FILE = "GDG-AppSprint-Challenge/Info.plist";
				INFOPLIST_KEY_UIApplicationSceneManifest_Generation = YES;
				INFOPLIST_KEY_UIApplicationSupportsIndirectInputEvents = YES;
				INFOPLIST_KEY_UILaunchScreen_Generation = YES;
				INFOPLIST_KEY_UISupportedInterfaceOrientations = UIInterfaceOrientationPortrait;
				INFOPLIST_KEY_UISupportedInterfaceOrientations_iPad = "UIInterfaceOrientationLandscapeLeft UIInterfaceOrientationLandscapeRight UIInterfaceOrientationPortrait UIInterfaceOrientationPortraitUpsideDown";
				INFOPLIST_KEY_UIUserInterfaceStyle = Dark;
				IPHONEOS_DEPLOYMENT_TARGET = 17.0;
				LD_RUNPATH_SEARCH_PATHS = (
					"$(inherited)",
					"@executable_path/Frameworks",
				);
				MARKETING_VERSION = 1.0;
				PRODUCT_BUNDLE_IDENTIFIER = "gdg-challenge.GDG-AppSprint-Challenge";
				PRODUCT_NAME = "$(TARGET_NAME)";
				SUPPORTED_PLATFORMS = "iphoneos iphonesimulator";
				SUPPORTS_MACCATALYST = NO;
				SUPPORTS_MAC_DESIGNED_FOR_IPHONE_IPAD = NO;
				SUPPORTS_XR_DESIGNED_FOR_IPHONE_IPAD = NO;
				SWIFT_EMIT_LOC_STRINGS = YES;
				SWIFT_VERSION = 5.0;
				TARGETED_DEVICE_FAMILY = 1;
			};
			name = Debug;
		};
		C6516E652CE8581200FCFAF2 /* Release */ = {
			isa = XCBuildConfiguration;
			buildSettings = {
				ASSETCATALOG_COMPILER_APPICON_NAME = AppIcon;
				ASSETCATALOG_COMPILER_GLOBAL_ACCENT_COLOR_NAME = AccentColor;
				CODE_SIGN_STYLE = Automatic;
				CURRENT_PROJECT_VERSION = 1;
				DEVELOPMENT_ASSET_PATHS = "\"GDG-AppSprint-Challenge/Preview Content\"";
				DEVELOPMENT_TEAM = 6JLYLDSW4U;
				ENABLE_PREVIEWS = YES;
				GENERATE_INFOPLIST_FILE = YES;
				INFOPLIST_FILE = "GDG-AppSprint-Challenge/Info.plist";
				INFOPLIST_KEY_UIApplicationSceneManifest_Generation = YES;
				INFOPLIST_KEY_UIApplicationSupportsIndirectInputEvents = YES;
				INFOPLIST_KEY_UILaunchScreen_Generation = YES;
				INFOPLIST_KEY_UISupportedInterfaceOrientations = UIInterfaceOrientationPortrait;
				INFOPLIST_KEY_UISupportedInterfaceOrientations_iPad = "UIInterfaceOrientationLandscapeLeft UIInterfaceOrientationLandscapeRight UIInterfaceOrientationPortrait UIInterfaceOrientationPortraitUpsideDown";
				INFOPLIST_KEY_UIUserInterfaceStyle = Dark;
				IPHONEOS_DEPLOYMENT_TARGET = 17.0;
				LD_RUNPATH_SEARCH_PATHS = (
					"$(inherited)",
					"@executable_path/Frameworks",
				);
				MARKETING_VERSION = 1.0;
				PRODUCT_BUNDLE_IDENTIFIER = "gdg-challenge.GDG-AppSprint-Challenge";
				PRODUCT_NAME = "$(TARGET_NAME)";
				SUPPORTED_PLATFORMS = "iphoneos iphonesimulator";
				SUPPORTS_MACCATALYST = NO;
				SUPPORTS_MAC_DESIGNED_FOR_IPHONE_IPAD = NO;
				SUPPORTS_XR_DESIGNED_FOR_IPHONE_IPAD = NO;
				SWIFT_EMIT_LOC_STRINGS = YES;
				SWIFT_VERSION = 5.0;
				TARGETED_DEVICE_FAMILY = 1;
			};
			name = Release;
		};
/* End XCBuildConfiguration section */

/* Begin XCConfigurationList section */
		C6516E502CE8580F00FCFAF2 /* Build configuration list for PBXProject "GDG-AppSprint-Challenge" */ = {
			isa = XCConfigurationList;
			buildConfigurations = (
				C6516E612CE8581200FCFAF2 /* Debug */,
				C6516E622CE8581200FCFAF2 /* Release */,
			);
			defaultConfigurationIsVisible = 0;
			defaultConfigurationName = Release;
		};
		C6516E632CE8581200FCFAF2 /* Build configuration list for PBXNativeTarget "GDG-AppSprint-Challenge" */ = {
			isa = XCConfigurationList;
			buildConfigurations = (
				C6516E642CE8581200FCFAF2 /* Debug */,
				C6516E652CE8581200FCFAF2 /* Release */,
			);
			defaultConfigurationIsVisible = 0;
			defaultConfigurationName = Release;
		};
/* End XCConfigurationList section */
	};
	rootObject = C6516E4D2CE8580F00FCFAF2 /* Project object */;
}
